// !$*UTF8*$!
{
	archiveVersion = 1;
	classes = {
	};
	objectVersion = 56;
	objects = {

/* Begin PBXBuildFile section */
		0406B0B9D689717EEF3817D1 /* Pods_SampleLoginScreenSwift.framework in Frameworks */ = {isa = PBXBuildFile; fileRef = DDC2AD1E656640DF2A190A13 /* Pods_SampleLoginScreenSwift.framework */; };
		089562E3DFFCC11E6F2834B6 /* Pods_SampleLoginScreenSwiftTests.framework in Frameworks */ = {isa = PBXBuildFile; fileRef = 043EFE94B5CE88B995955293 /* Pods_SampleLoginScreenSwiftTests.framework */; };
		4993DB0F0F8EA30BB31B6718 /* Pods_SampleLoginScreenSwift_SampleLoginScreenSwiftUITests.framework in Frameworks */ = {isa = PBXBuildFile; fileRef = C7FB32E8220DC4BF5AE6E895 /* Pods_SampleLoginScreenSwift_SampleLoginScreenSwiftUITests.framework */; };
		801A9D1F2B4E8FF000135414 /* AppDelegate.swift in Sources */ = {isa = PBXBuildFile; fileRef = 801A9D1E2B4E8FF000135414 /* AppDelegate.swift */; };
		801A9D212B4E8FF000135414 /* SceneDelegate.swift in Sources */ = {isa = PBXBuildFile; fileRef = 801A9D202B4E8FF000135414 /* SceneDelegate.swift */; };
		801A9D232B4E8FF000135414 /* ViewController.swift in Sources */ = {isa = PBXBuildFile; fileRef = 801A9D222B4E8FF000135414 /* ViewController.swift */; };
		801A9D262B4E8FF000135414 /* Main.storyboard in Resources */ = {isa = PBXBuildFile; fileRef = 801A9D242B4E8FF000135414 /* Main.storyboard */; };
		801A9D282B4E8FF100135414 /* Assets.xcassets in Resources */ = {isa = PBXBuildFile; fileRef = 801A9D272B4E8FF100135414 /* Assets.xcassets */; };
		801A9D2B2B4E8FF100135414 /* LaunchScreen.storyboard in Resources */ = {isa = PBXBuildFile; fileRef = 801A9D292B4E8FF100135414 /* LaunchScreen.storyboard */; };
		801A9D362B4E8FF100135414 /* SampleLoginScreenSwiftTests.swift in Sources */ = {isa = PBXBuildFile; fileRef = 801A9D352B4E8FF100135414 /* SampleLoginScreenSwiftTests.swift */; };
		801A9D402B4E8FF100135414 /* SampleLoginScreenSwiftUITests.swift in Sources */ = {isa = PBXBuildFile; fileRef = 801A9D3F2B4E8FF100135414 /* SampleLoginScreenSwiftUITests.swift */; };
		801A9D422B4E8FF100135414 /* SampleLoginScreenSwiftUITestsLaunchTests.swift in Sources */ = {isa = PBXBuildFile; fileRef = 801A9D412B4E8FF100135414 /* SampleLoginScreenSwiftUITestsLaunchTests.swift */; };
		801A9D512B4E919C00135414 /* RoundButton.swift in Sources */ = {isa = PBXBuildFile; fileRef = 801A9D502B4E919C00135414 /* RoundButton.swift */; };
		801A9D532B4E91C800135414 /* RoundView.swift in Sources */ = {isa = PBXBuildFile; fileRef = 801A9D522B4E91C800135414 /* RoundView.swift */; };
		801A9D552B4EB74300135414 /* AppExtension.swift in Sources */ = {isa = PBXBuildFile; fileRef = 801A9D542B4EB74300135414 /* AppExtension.swift */; };
		801A9D572B4EB7AE00135414 /* ChatBuubleView.swift in Sources */ = {isa = PBXBuildFile; fileRef = 801A9D562B4EB7AE00135414 /* ChatBuubleView.swift */; };
		80B6BE2A2B4ECC4100D0452E /* SignUp.swift in Sources */ = {isa = PBXBuildFile; fileRef = 80B6BE292B4ECC4100D0452E /* SignUp.swift */; };
/* End PBXBuildFile section */

/* Begin PBXContainerItemProxy section */
		801A9D322B4E8FF100135414 /* PBXContainerItemProxy */ = {
			isa = PBXContainerItemProxy;
			containerPortal = 801A9D132B4E8FF000135414 /* Project object */;
			proxyType = 1;
			remoteGlobalIDString = 801A9D1A2B4E8FF000135414;
			remoteInfo = SampleLoginScreenSwift;
		};
		801A9D3C2B4E8FF100135414 /* PBXContainerItemProxy */ = {
			isa = PBXContainerItemProxy;
			containerPortal = 801A9D132B4E8FF000135414 /* Project object */;
			proxyType = 1;
			remoteGlobalIDString = 801A9D1A2B4E8FF000135414;
			remoteInfo = SampleLoginScreenSwift;
		};
/* End PBXContainerItemProxy section */

/* Begin PBXFileReference section */
		043EFE94B5CE88B995955293 /* Pods_SampleLoginScreenSwiftTests.framework */ = {isa = PBXFileReference; explicitFileType = wrapper.framework; includeInIndex = 0; path = Pods_SampleLoginScreenSwiftTests.framework; sourceTree = BUILT_PRODUCTS_DIR; };
		1C479E92B89EE51C24ECE617 /* Pods-SampleLoginScreenSwiftTests.debug.xcconfig */ = {isa = PBXFileReference; includeInIndex = 1; lastKnownFileType = text.xcconfig; name = "Pods-SampleLoginScreenSwiftTests.debug.xcconfig"; path = "Target Support Files/Pods-SampleLoginScreenSwiftTests/Pods-SampleLoginScreenSwiftTests.debug.xcconfig"; sourceTree = "<group>"; };
		79A28967ED409F32D933FB5E /* Pods-SampleLoginScreenSwift.debug.xcconfig */ = {isa = PBXFileReference; includeInIndex = 1; lastKnownFileType = text.xcconfig; name = "Pods-SampleLoginScreenSwift.debug.xcconfig"; path = "Target Support Files/Pods-SampleLoginScreenSwift/Pods-SampleLoginScreenSwift.debug.xcconfig"; sourceTree = "<group>"; };
		801A9D1B2B4E8FF000135414 /* SampleLoginScreenSwift.app */ = {isa = PBXFileReference; explicitFileType = wrapper.application; includeInIndex = 0; path = SampleLoginScreenSwift.app; sourceTree = BUILT_PRODUCTS_DIR; };
		801A9D1E2B4E8FF000135414 /* AppDelegate.swift */ = {isa = PBXFileReference; lastKnownFileType = sourcecode.swift; path = AppDelegate.swift; sourceTree = "<group>"; };
		801A9D202B4E8FF000135414 /* SceneDelegate.swift */ = {isa = PBXFileReference; lastKnownFileType = sourcecode.swift; path = SceneDelegate.swift; sourceTree = "<group>"; };
		801A9D222B4E8FF000135414 /* ViewController.swift */ = {isa = PBXFileReference; lastKnownFileType = sourcecode.swift; path = ViewController.swift; sourceTree = "<group>"; };
		801A9D252B4E8FF000135414 /* Base */ = {isa = PBXFileReference; lastKnownFileType = file.storyboard; name = Base; path = Base.lproj/Main.storyboard; sourceTree = "<group>"; };
		801A9D272B4E8FF100135414 /* Assets.xcassets */ = {isa = PBXFileReference; lastKnownFileType = folder.assetcatalog; path = Assets.xcassets; sourceTree = "<group>"; };
		801A9D2A2B4E8FF100135414 /* Base */ = {isa = PBXFileReference; lastKnownFileType = file.storyboard; name = Base; path = Base.lproj/LaunchScreen.storyboard; sourceTree = "<group>"; };
		801A9D2C2B4E8FF100135414 /* Info.plist */ = {isa = PBXFileReference; lastKnownFileType = text.plist.xml; path = Info.plist; sourceTree = "<group>"; };
		801A9D312B4E8FF100135414 /* SampleLoginScreenSwiftTests.xctest */ = {isa = PBXFileReference; explicitFileType = wrapper.cfbundle; includeInIndex = 0; path = SampleLoginScreenSwiftTests.xctest; sourceTree = BUILT_PRODUCTS_DIR; };
		801A9D352B4E8FF100135414 /* SampleLoginScreenSwiftTests.swift */ = {isa = PBXFileReference; lastKnownFileType = sourcecode.swift; path = SampleLoginScreenSwiftTests.swift; sourceTree = "<group>"; };
		801A9D3B2B4E8FF100135414 /* SampleLoginScreenSwiftUITests.xctest */ = {isa = PBXFileReference; explicitFileType = wrapper.cfbundle; includeInIndex = 0; path = SampleLoginScreenSwiftUITests.xctest; sourceTree = BUILT_PRODUCTS_DIR; };
		801A9D3F2B4E8FF100135414 /* SampleLoginScreenSwiftUITests.swift */ = {isa = PBXFileReference; lastKnownFileType = sourcecode.swift; path = SampleLoginScreenSwiftUITests.swift; sourceTree = "<group>"; };
		801A9D412B4E8FF100135414 /* SampleLoginScreenSwiftUITestsLaunchTests.swift */ = {isa = PBXFileReference; lastKnownFileType = sourcecode.swift; path = SampleLoginScreenSwiftUITestsLaunchTests.swift; sourceTree = "<group>"; };
		801A9D502B4E919C00135414 /* RoundButton.swift */ = {isa = PBXFileReference; lastKnownFileType = sourcecode.swift; path = RoundButton.swift; sourceTree = "<group>"; };
		801A9D522B4E91C800135414 /* RoundView.swift */ = {isa = PBXFileReference; lastKnownFileType = sourcecode.swift; path = RoundView.swift; sourceTree = "<group>"; };
		801A9D542B4EB74300135414 /* AppExtension.swift */ = {isa = PBXFileReference; lastKnownFileType = sourcecode.swift; path = AppExtension.swift; sourceTree = "<group>"; };
		801A9D562B4EB7AE00135414 /* ChatBuubleView.swift */ = {isa = PBXFileReference; lastKnownFileType = sourcecode.swift; path = ChatBuubleView.swift; sourceTree = "<group>"; };
		80B6BE292B4ECC4100D0452E /* SignUp.swift */ = {isa = PBXFileReference; lastKnownFileType = sourcecode.swift; path = SignUp.swift; sourceTree = "<group>"; };
		A8431019A6712471D436B959 /* Pods-SampleLoginScreenSwift-SampleLoginScreenSwiftUITests.release.xcconfig */ = {isa = PBXFileReference; includeInIndex = 1; lastKnownFileType = text.xcconfig; name = "Pods-SampleLoginScreenSwift-SampleLoginScreenSwiftUITests.release.xcconfig"; path = "Target Support Files/Pods-SampleLoginScreenSwift-SampleLoginScreenSwiftUITests/Pods-SampleLoginScreenSwift-SampleLoginScreenSwiftUITests.release.xcconfig"; sourceTree = "<group>"; };
		B3CC3BFCEE36A7C41AD73A37 /* Pods-SampleLoginScreenSwift.release.xcconfig */ = {isa = PBXFileReference; includeInIndex = 1; lastKnownFileType = text.xcconfig; name = "Pods-SampleLoginScreenSwift.release.xcconfig"; path = "Target Support Files/Pods-SampleLoginScreenSwift/Pods-SampleLoginScreenSwift.release.xcconfig"; sourceTree = "<group>"; };
		C7FB32E8220DC4BF5AE6E895 /* Pods_SampleLoginScreenSwift_SampleLoginScreenSwiftUITests.framework */ = {isa = PBXFileReference; explicitFileType = wrapper.framework; includeInIndex = 0; path = Pods_SampleLoginScreenSwift_SampleLoginScreenSwiftUITests.framework; sourceTree = BUILT_PRODUCTS_DIR; };
		C845755D97A01CAC9630ACAD /* Pods-SampleLoginScreenSwift-SampleLoginScreenSwiftUITests.debug.xcconfig */ = {isa = PBXFileReference; includeInIndex = 1; lastKnownFileType = text.xcconfig; name = "Pods-SampleLoginScreenSwift-SampleLoginScreenSwiftUITests.debug.xcconfig"; path = "Target Support Files/Pods-SampleLoginScreenSwift-SampleLoginScreenSwiftUITests/Pods-SampleLoginScreenSwift-SampleLoginScreenSwiftUITests.debug.xcconfig"; sourceTree = "<group>"; };
		DDC2AD1E656640DF2A190A13 /* Pods_SampleLoginScreenSwift.framework */ = {isa = PBXFileReference; explicitFileType = wrapper.framework; includeInIndex = 0; path = Pods_SampleLoginScreenSwift.framework; sourceTree = BUILT_PRODUCTS_DIR; };
		E0C917ABE0A36B27A03BFB51 /* Pods-SampleLoginScreenSwiftTests.release.xcconfig */ = {isa = PBXFileReference; includeInIndex = 1; lastKnownFileType = text.xcconfig; name = "Pods-SampleLoginScreenSwiftTests.release.xcconfig"; path = "Target Support Files/Pods-SampleLoginScreenSwiftTests/Pods-SampleLoginScreenSwiftTests.release.xcconfig"; sourceTree = "<group>"; };
/* End PBXFileReference section */

/* Begin PBXFrameworksBuildPhase section */
		801A9D182B4E8FF000135414 /* Frameworks */ = {
			isa = PBXFrameworksBuildPhase;
			buildActionMask = 2147483647;
			files = (
				0406B0B9D689717EEF3817D1 /* Pods_SampleLoginScreenSwift.framework in Frameworks */,
			);
			runOnlyForDeploymentPostprocessing = 0;
		};
		801A9D2E2B4E8FF100135414 /* Frameworks */ = {
			isa = PBXFrameworksBuildPhase;
			buildActionMask = 2147483647;
			files = (
				089562E3DFFCC11E6F2834B6 /* Pods_SampleLoginScreenSwiftTests.framework in Frameworks */,
			);
			runOnlyForDeploymentPostprocessing = 0;
		};
		801A9D382B4E8FF100135414 /* Frameworks */ = {
			isa = PBXFrameworksBuildPhase;
			buildActionMask = 2147483647;
			files = (
				4993DB0F0F8EA30BB31B6718 /* Pods_SampleLoginScreenSwift_SampleLoginScreenSwiftUITests.framework in Frameworks */,
			);
			runOnlyForDeploymentPostprocessing = 0;
		};
/* End PBXFrameworksBuildPhase section */

/* Begin PBXGroup section */
		566965C5F5A58EFA9ABF8D7D /* Pods */ = {
			isa = PBXGroup;
			children = (
				79A28967ED409F32D933FB5E /* Pods-SampleLoginScreenSwift.debug.xcconfig */,
				B3CC3BFCEE36A7C41AD73A37 /* Pods-SampleLoginScreenSwift.release.xcconfig */,
				C845755D97A01CAC9630ACAD /* Pods-SampleLoginScreenSwift-SampleLoginScreenSwiftUITests.debug.xcconfig */,
				A8431019A6712471D436B959 /* Pods-SampleLoginScreenSwift-SampleLoginScreenSwiftUITests.release.xcconfig */,
				1C479E92B89EE51C24ECE617 /* Pods-SampleLoginScreenSwiftTests.debug.xcconfig */,
				E0C917ABE0A36B27A03BFB51 /* Pods-SampleLoginScreenSwiftTests.release.xcconfig */,
			);
			path = Pods;
			sourceTree = "<group>";
		};
		801A9D122B4E8FF000135414 = {
			isa = PBXGroup;
			children = (
				801A9D1D2B4E8FF000135414 /* SampleLoginScreenSwift */,
				801A9D342B4E8FF100135414 /* SampleLoginScreenSwiftTests */,
				801A9D3E2B4E8FF100135414 /* SampleLoginScreenSwiftUITests */,
				801A9D1C2B4E8FF000135414 /* Products */,
				566965C5F5A58EFA9ABF8D7D /* Pods */,
				A39B5DDA59622F0B9E9D0A8C /* Frameworks */,
			);
			sourceTree = "<group>";
		};
		801A9D1C2B4E8FF000135414 /* Products */ = {
			isa = PBXGroup;
			children = (
				801A9D1B2B4E8FF000135414 /* SampleLoginScreenSwift.app */,
				801A9D312B4E8FF100135414 /* SampleLoginScreenSwiftTests.xctest */,
				801A9D3B2B4E8FF100135414 /* SampleLoginScreenSwiftUITests.xctest */,
			);
			name = Products;
			sourceTree = "<group>";
		};
		801A9D1D2B4E8FF000135414 /* SampleLoginScreenSwift */ = {
			isa = PBXGroup;
			children = (
				801A9D1E2B4E8FF000135414 /* AppDelegate.swift */,
				801A9D202B4E8FF000135414 /* SceneDelegate.swift */,
				801A9D4F2B4E917C00135414 /* Classes */,
				801A9D4E2B4E916700135414 /* SignInController */,
				801A9D242B4E8FF000135414 /* Main.storyboard */,
				801A9D272B4E8FF100135414 /* Assets.xcassets */,
				801A9D292B4E8FF100135414 /* LaunchScreen.storyboard */,
				801A9D2C2B4E8FF100135414 /* Info.plist */,
			);
			path = SampleLoginScreenSwift;
			sourceTree = "<group>";
		};
		801A9D342B4E8FF100135414 /* SampleLoginScreenSwiftTests */ = {
			isa = PBXGroup;
			children = (
				801A9D352B4E8FF100135414 /* SampleLoginScreenSwiftTests.swift */,
			);
			path = SampleLoginScreenSwiftTests;
			sourceTree = "<group>";
		};
		801A9D3E2B4E8FF100135414 /* SampleLoginScreenSwiftUITests */ = {
			isa = PBXGroup;
			children = (
				801A9D3F2B4E8FF100135414 /* SampleLoginScreenSwiftUITests.swift */,
				801A9D412B4E8FF100135414 /* SampleLoginScreenSwiftUITestsLaunchTests.swift */,
			);
			path = SampleLoginScreenSwiftUITests;
			sourceTree = "<group>";
		};
		801A9D4E2B4E916700135414 /* SignInController */ = {
			isa = PBXGroup;
			children = (
				801A9D222B4E8FF000135414 /* ViewController.swift */,
				80B6BE282B4ECBF600D0452E /* SignUp */,
			);
			path = SignInController;
			sourceTree = "<group>";
		};
		801A9D4F2B4E917C00135414 /* Classes */ = {
			isa = PBXGroup;
			children = (
				801A9D502B4E919C00135414 /* RoundButton.swift */,
				801A9D522B4E91C800135414 /* RoundView.swift */,
				801A9D542B4EB74300135414 /* AppExtension.swift */,
				801A9D562B4EB7AE00135414 /* ChatBuubleView.swift */,
			);
			path = Classes;
			sourceTree = "<group>";
		};
		80B6BE282B4ECBF600D0452E /* SignUp */ = {
			isa = PBXGroup;
			children = (
				80B6BE292B4ECC4100D0452E /* SignUp.swift */,
			);
			path = SignUp;
			sourceTree = "<group>";
		};
		A39B5DDA59622F0B9E9D0A8C /* Frameworks */ = {
			isa = PBXGroup;
			children = (
				DDC2AD1E656640DF2A190A13 /* Pods_SampleLoginScreenSwift.framework */,
				C7FB32E8220DC4BF5AE6E895 /* Pods_SampleLoginScreenSwift_SampleLoginScreenSwiftUITests.framework */,
				043EFE94B5CE88B995955293 /* Pods_SampleLoginScreenSwiftTests.framework */,
			);
			name = Frameworks;
			sourceTree = "<group>";
		};
/* End PBXGroup section */

/* Begin PBXNativeTarget section */
		801A9D1A2B4E8FF000135414 /* SampleLoginScreenSwift */ = {
			isa = PBXNativeTarget;
			buildConfigurationList = 801A9D452B4E8FF100135414 /* Build configuration list for PBXNativeTarget "SampleLoginScreenSwift" */;
			buildPhases = (
				88049E2B6E859BF540E3404A /* [CP] Check Pods Manifest.lock */,
				801A9D172B4E8FF000135414 /* Sources */,
				801A9D182B4E8FF000135414 /* Frameworks */,
				801A9D192B4E8FF000135414 /* Resources */,
				9B33E7A815E24AAC47419A96 /* [CP] Embed Pods Frameworks */,
			);
			buildRules = (
			);
			dependencies = (
			);
			name = SampleLoginScreenSwift;
			productName = SampleLoginScreenSwift;
			productReference = 801A9D1B2B4E8FF000135414 /* SampleLoginScreenSwift.app */;
			productType = "com.apple.product-type.application";
		};
		801A9D302B4E8FF100135414 /* SampleLoginScreenSwiftTests */ = {
			isa = PBXNativeTarget;
			buildConfigurationList = 801A9D482B4E8FF100135414 /* Build configuration list for PBXNativeTarget "SampleLoginScreenSwiftTests" */;
			buildPhases = (
				71DAEE72B756A9EAC6C231BE /* [CP] Check Pods Manifest.lock */,
				801A9D2D2B4E8FF100135414 /* Sources */,
				801A9D2E2B4E8FF100135414 /* Frameworks */,
				801A9D2F2B4E8FF100135414 /* Resources */,
			);
			buildRules = (
			);
			dependencies = (
				801A9D332B4E8FF100135414 /* PBXTargetDependency */,
			);
			name = SampleLoginScreenSwiftTests;
			productName = SampleLoginScreenSwiftTests;
			productReference = 801A9D312B4E8FF100135414 /* SampleLoginScreenSwiftTests.xctest */;
			productType = "com.apple.product-type.bundle.unit-test";
		};
		801A9D3A2B4E8FF100135414 /* SampleLoginScreenSwiftUITests */ = {
			isa = PBXNativeTarget;
			buildConfigurationList = 801A9D4B2B4E8FF100135414 /* Build configuration list for PBXNativeTarget "SampleLoginScreenSwiftUITests" */;
			buildPhases = (
				0804B50EE684F7B8398FD1CA /* [CP] Check Pods Manifest.lock */,
				801A9D372B4E8FF100135414 /* Sources */,
				801A9D382B4E8FF100135414 /* Frameworks */,
				801A9D392B4E8FF100135414 /* Resources */,
				1A119BF3A058C7319DEE20AE /* [CP] Embed Pods Frameworks */,
			);
			buildRules = (
			);
			dependencies = (
				801A9D3D2B4E8FF100135414 /* PBXTargetDependency */,
			);
			name = SampleLoginScreenSwiftUITests;
			productName = SampleLoginScreenSwiftUITests;
			productReference = 801A9D3B2B4E8FF100135414 /* SampleLoginScreenSwiftUITests.xctest */;
			productType = "com.apple.product-type.bundle.ui-testing";
		};
/* End PBXNativeTarget section */

/* Begin PBXProject section */
		801A9D132B4E8FF000135414 /* Project object */ = {
			isa = PBXProject;
			attributes = {
				BuildIndependentTargetsInParallel = 1;
				LastSwiftUpdateCheck = 1500;
				LastUpgradeCheck = 1500;
				TargetAttributes = {
					801A9D1A2B4E8FF000135414 = {
						CreatedOnToolsVersion = 15.0.1;
					};
					801A9D302B4E8FF100135414 = {
						CreatedOnToolsVersion = 15.0.1;
						TestTargetID = 801A9D1A2B4E8FF000135414;
					};
					801A9D3A2B4E8FF100135414 = {
						CreatedOnToolsVersion = 15.0.1;
						TestTargetID = 801A9D1A2B4E8FF000135414;
					};
				};
			};
			buildConfigurationList = 801A9D162B4E8FF000135414 /* Build configuration list for PBXProject "SampleLoginScreenSwift" */;
			compatibilityVersion = "Xcode 14.0";
			developmentRegion = en;
			hasScannedForEncodings = 0;
			knownRegions = (
				en,
				Base,
			);
			mainGroup = 801A9D122B4E8FF000135414;
			productRefGroup = 801A9D1C2B4E8FF000135414 /* Products */;
			projectDirPath = "";
			projectRoot = "";
			targets = (
				801A9D1A2B4E8FF000135414 /* SampleLoginScreenSwift */,
				801A9D302B4E8FF100135414 /* SampleLoginScreenSwiftTests */,
				801A9D3A2B4E8FF100135414 /* SampleLoginScreenSwiftUITests */,
			);
		};
/* End PBXProject section */

/* Begin PBXResourcesBuildPhase section */
		801A9D192B4E8FF000135414 /* Resources */ = {
			isa = PBXResourcesBuildPhase;
			buildActionMask = 2147483647;
			files = (
				801A9D2B2B4E8FF100135414 /* LaunchScreen.storyboard in Resources */,
				801A9D282B4E8FF100135414 /* Assets.xcassets in Resources */,
				801A9D262B4E8FF000135414 /* Main.storyboard in Resources */,
			);
			runOnlyForDeploymentPostprocessing = 0;
		};
		801A9D2F2B4E8FF100135414 /* Resources */ = {
			isa = PBXResourcesBuildPhase;
			buildActionMask = 2147483647;
			files = (
			);
			runOnlyForDeploymentPostprocessing = 0;
		};
		801A9D392B4E8FF100135414 /* Resources */ = {
			isa = PBXResourcesBuildPhase;
			buildActionMask = 2147483647;
			files = (
			);
			runOnlyForDeploymentPostprocessing = 0;
		};
/* End PBXResourcesBuildPhase section */

/* Begin PBXShellScriptBuildPhase section */
		0804B50EE684F7B8398FD1CA /* [CP] Check Pods Manifest.lock */ = {
			isa = PBXShellScriptBuildPhase;
			buildActionMask = 2147483647;
			files = (
			);
			inputFileListPaths = (
			);
			inputPaths = (
				"${PODS_PODFILE_DIR_PATH}/Podfile.lock",
				"${PODS_ROOT}/Manifest.lock",
			);
			name = "[CP] Check Pods Manifest.lock";
			outputFileListPaths = (
			);
			outputPaths = (
				"$(DERIVED_FILE_DIR)/Pods-SampleLoginScreenSwift-SampleLoginScreenSwiftUITests-checkManifestLockResult.txt",
			);
			runOnlyForDeploymentPostprocessing = 0;
			shellPath = /bin/sh;
			shellScript = "diff \"${PODS_PODFILE_DIR_PATH}/Podfile.lock\" \"${PODS_ROOT}/Manifest.lock\" > /dev/null\nif [ $? != 0 ] ; then\n    # print error to STDERR\n    echo \"error: The sandbox is not in sync with the Podfile.lock. Run 'pod install' or update your CocoaPods installation.\" >&2\n    exit 1\nfi\n# This output is used by Xcode 'outputs' to avoid re-running this script phase.\necho \"SUCCESS\" > \"${SCRIPT_OUTPUT_FILE_0}\"\n";
			showEnvVarsInLog = 0;
		};
		1A119BF3A058C7319DEE20AE /* [CP] Embed Pods Frameworks */ = {
			isa = PBXShellScriptBuildPhase;
			buildActionMask = 2147483647;
			files = (
			);
			inputFileListPaths = (
				"${PODS_ROOT}/Target Support Files/Pods-SampleLoginScreenSwift-SampleLoginScreenSwiftUITests/Pods-SampleLoginScreenSwift-SampleLoginScreenSwiftUITests-frameworks-${CONFIGURATION}-input-files.xcfilelist",
			);
			name = "[CP] Embed Pods Frameworks";
			outputFileListPaths = (
				"${PODS_ROOT}/Target Support Files/Pods-SampleLoginScreenSwift-SampleLoginScreenSwiftUITests/Pods-SampleLoginScreenSwift-SampleLoginScreenSwiftUITests-frameworks-${CONFIGURATION}-output-files.xcfilelist",
			);
			runOnlyForDeploymentPostprocessing = 0;
			shellPath = /bin/sh;
			shellScript = "\"${PODS_ROOT}/Target Support Files/Pods-SampleLoginScreenSwift-SampleLoginScreenSwiftUITests/Pods-SampleLoginScreenSwift-SampleLoginScreenSwiftUITests-frameworks.sh\"\n";
			showEnvVarsInLog = 0;
		};
		71DAEE72B756A9EAC6C231BE /* [CP] Check Pods Manifest.lock */ = {
			isa = PBXShellScriptBuildPhase;
			buildActionMask = 2147483647;
			files = (
			);
			inputFileListPaths = (
			);
			inputPaths = (
				"${PODS_PODFILE_DIR_PATH}/Podfile.lock",
				"${PODS_ROOT}/Manifest.lock",
			);
			name = "[CP] Check Pods Manifest.lock";
			outputFileListPaths = (
			);
			outputPaths = (
				"$(DERIVED_FILE_DIR)/Pods-SampleLoginScreenSwiftTests-checkManifestLockResult.txt",
			);
			runOnlyForDeploymentPostprocessing = 0;
			shellPath = /bin/sh;
			shellScript = "diff \"${PODS_PODFILE_DIR_PATH}/Podfile.lock\" \"${PODS_ROOT}/Manifest.lock\" > /dev/null\nif [ $? != 0 ] ; then\n    # print error to STDERR\n    echo \"error: The sandbox is not in sync with the Podfile.lock. Run 'pod install' or update your CocoaPods installation.\" >&2\n    exit 1\nfi\n# This output is used by Xcode 'outputs' to avoid re-running this script phase.\necho \"SUCCESS\" > \"${SCRIPT_OUTPUT_FILE_0}\"\n";
			showEnvVarsInLog = 0;
		};
		88049E2B6E859BF540E3404A /* [CP] Check Pods Manifest.lock */ = {
			isa = PBXShellScriptBuildPhase;
			buildActionMask = 2147483647;
			files = (
			);
			inputFileListPaths = (
			);
			inputPaths = (
				"${PODS_PODFILE_DIR_PATH}/Podfile.lock",
				"${PODS_ROOT}/Manifest.lock",
			);
			name = "[CP] Check Pods Manifest.lock";
			outputFileListPaths = (
			);
			outputPaths = (
				"$(DERIVED_FILE_DIR)/Pods-SampleLoginScreenSwift-checkManifestLockResult.txt",
			);
			runOnlyForDeploymentPostprocessing = 0;
			shellPath = /bin/sh;
			shellScript = "diff \"${PODS_PODFILE_DIR_PATH}/Podfile.lock\" \"${PODS_ROOT}/Manifest.lock\" > /dev/null\nif [ $? != 0 ] ; then\n    # print error to STDERR\n    echo \"error: The sandbox is not in sync with the Podfile.lock. Run 'pod install' or update your CocoaPods installation.\" >&2\n    exit 1\nfi\n# This output is used by Xcode 'outputs' to avoid re-running this script phase.\necho \"SUCCESS\" > \"${SCRIPT_OUTPUT_FILE_0}\"\n";
			showEnvVarsInLog = 0;
		};
		9B33E7A815E24AAC47419A96 /* [CP] Embed Pods Frameworks */ = {
			isa = PBXShellScriptBuildPhase;
			buildActionMask = 2147483647;
			files = (
			);
			inputFileListPaths = (
				"${PODS_ROOT}/Target Support Files/Pods-SampleLoginScreenSwift/Pods-SampleLoginScreenSwift-frameworks-${CONFIGURATION}-input-files.xcfilelist",
			);
			name = "[CP] Embed Pods Frameworks";
			outputFileListPaths = (
				"${PODS_ROOT}/Target Support Files/Pods-SampleLoginScreenSwift/Pods-SampleLoginScreenSwift-frameworks-${CONFIGURATION}-output-files.xcfilelist",
			);
			runOnlyForDeploymentPostprocessing = 0;
			shellPath = /bin/sh;
			shellScript = "\"${PODS_ROOT}/Target Support Files/Pods-SampleLoginScreenSwift/Pods-SampleLoginScreenSwift-frameworks.sh\"\n";
			showEnvVarsInLog = 0;
		};
/* End PBXShellScriptBuildPhase section */

/* Begin PBXSourcesBuildPhase section */
		801A9D172B4E8FF000135414 /* Sources */ = {
			isa = PBXSourcesBuildPhase;
			buildActionMask = 2147483647;
			files = (
				801A9D572B4EB7AE00135414 /* ChatBuubleView.swift in Sources */,
				801A9D512B4E919C00135414 /* RoundButton.swift in Sources */,
				801A9D232B4E8FF000135414 /* ViewController.swift in Sources */,
				801A9D1F2B4E8FF000135414 /* AppDelegate.swift in Sources */,
				801A9D552B4EB74300135414 /* AppExtension.swift in Sources */,
				80B6BE2A2B4ECC4100D0452E /* SignUp.swift in Sources */,
				801A9D212B4E8FF000135414 /* SceneDelegate.swift in Sources */,
				801A9D532B4E91C800135414 /* RoundView.swift in Sources */,
			);
			runOnlyForDeploymentPostprocessing = 0;
		};
		801A9D2D2B4E8FF100135414 /* Sources */ = {
			isa = PBXSourcesBuildPhase;
			buildActionMask = 2147483647;
			files = (
				801A9D362B4E8FF100135414 /* SampleLoginScreenSwiftTests.swift in Sources */,
			);
			runOnlyForDeploymentPostprocessing = 0;
		};
		801A9D372B4E8FF100135414 /* Sources */ = {
			isa = PBXSourcesBuildPhase;
			buildActionMask = 2147483647;
			files = (
				801A9D422B4E8FF100135414 /* SampleLoginScreenSwiftUITestsLaunchTests.swift in Sources */,
				801A9D402B4E8FF100135414 /* SampleLoginScreenSwiftUITests.swift in Sources */,
			);
			runOnlyForDeploymentPostprocessing = 0;
		};
/* End PBXSourcesBuildPhase section */

/* Begin PBXTargetDependency section */
		801A9D332B4E8FF100135414 /* PBXTargetDependency */ = {
			isa = PBXTargetDependency;
			target = 801A9D1A2B4E8FF000135414 /* SampleLoginScreenSwift */;
			targetProxy = 801A9D322B4E8FF100135414 /* PBXContainerItemProxy */;
		};
		801A9D3D2B4E8FF100135414 /* PBXTargetDependency */ = {
			isa = PBXTargetDependency;
			target = 801A9D1A2B4E8FF000135414 /* SampleLoginScreenSwift */;
			targetProxy = 801A9D3C2B4E8FF100135414 /* PBXContainerItemProxy */;
		};
/* End PBXTargetDependency section */

/* Begin PBXVariantGroup section */
		801A9D242B4E8FF000135414 /* Main.storyboard */ = {
			isa = PBXVariantGroup;
			children = (
				801A9D252B4E8FF000135414 /* Base */,
			);
			name = Main.storyboard;
			sourceTree = "<group>";
		};
		801A9D292B4E8FF100135414 /* LaunchScreen.storyboard */ = {
			isa = PBXVariantGroup;
			children = (
				801A9D2A2B4E8FF100135414 /* Base */,
			);
			name = LaunchScreen.storyboard;
			sourceTree = "<group>";
		};
/* End PBXVariantGroup section */

/* Begin XCBuildConfiguration section */
		801A9D432B4E8FF100135414 /* Debug */ = {
			isa = XCBuildConfiguration;
			buildSettings = {
				ALWAYS_SEARCH_USER_PATHS = NO;
				ASSETCATALOG_COMPILER_GENERATE_SWIFT_ASSET_SYMBOL_EXTENSIONS = YES;
				CLANG_ANALYZER_NONNULL = YES;
				CLANG_ANALYZER_NUMBER_OBJECT_CONVERSION = YES_AGGRESSIVE;
				CLANG_CXX_LANGUAGE_STANDARD = "gnu++20";
				CLANG_ENABLE_MODULES = YES;
				CLANG_ENABLE_OBJC_ARC = YES;
				CLANG_ENABLE_OBJC_WEAK = YES;
				CLANG_WARN_BLOCK_CAPTURE_AUTORELEASING = YES;
				CLANG_WARN_BOOL_CONVERSION = YES;
				CLANG_WARN_COMMA = YES;
				CLANG_WARN_CONSTANT_CONVERSION = YES;
				CLANG_WARN_DEPRECATED_OBJC_IMPLEMENTATIONS = YES;
				CLANG_WARN_DIRECT_OBJC_ISA_USAGE = YES_ERROR;
				CLANG_WARN_DOCUMENTATION_COMMENTS = YES;
				CLANG_WARN_EMPTY_BODY = YES;
				CLANG_WARN_ENUM_CONVERSION = YES;
				CLANG_WARN_INFINITE_RECURSION = YES;
				CLANG_WARN_INT_CONVERSION = YES;
				CLANG_WARN_NON_LITERAL_NULL_CONVERSION = YES;
				CLANG_WARN_OBJC_IMPLICIT_RETAIN_SELF = YES;
				CLANG_WARN_OBJC_LITERAL_CONVERSION = YES;
				CLANG_WARN_OBJC_ROOT_CLASS = YES_ERROR;
				CLANG_WARN_QUOTED_INCLUDE_IN_FRAMEWORK_HEADER = YES;
				CLANG_WARN_RANGE_LOOP_ANALYSIS = YES;
				CLANG_WARN_STRICT_PROTOTYPES = YES;
				CLANG_WARN_SUSPICIOUS_MOVE = YES;
				CLANG_WARN_UNGUARDED_AVAILABILITY = YES_AGGRESSIVE;
				CLANG_WARN_UNREACHABLE_CODE = YES;
				CLANG_WARN__DUPLICATE_METHOD_MATCH = YES;
				COPY_PHASE_STRIP = NO;
				DEBUG_INFORMATION_FORMAT = dwarf;
				ENABLE_STRICT_OBJC_MSGSEND = YES;
				ENABLE_TESTABILITY = YES;
				ENABLE_USER_SCRIPT_SANDBOXING = NO;
				GCC_C_LANGUAGE_STANDARD = gnu17;
				GCC_DYNAMIC_NO_PIC = NO;
				GCC_NO_COMMON_BLOCKS = YES;
				GCC_OPTIMIZATION_LEVEL = 0;
				GCC_PREPROCESSOR_DEFINITIONS = (
					"DEBUG=1",
					"$(inherited)",
				);
				GCC_WARN_64_TO_32_BIT_CONVERSION = YES;
				GCC_WARN_ABOUT_RETURN_TYPE = YES_ERROR;
				GCC_WARN_UNDECLARED_SELECTOR = YES;
				GCC_WARN_UNINITIALIZED_AUTOS = YES_AGGRESSIVE;
				GCC_WARN_UNUSED_FUNCTION = YES;
				GCC_WARN_UNUSED_VARIABLE = YES;
				IPHONEOS_DEPLOYMENT_TARGET = 17.0;
				LOCALIZATION_PREFERS_STRING_CATALOGS = YES;
				MTL_ENABLE_DEBUG_INFO = INCLUDE_SOURCE;
				MTL_FAST_MATH = YES;
				ONLY_ACTIVE_ARCH = YES;
				SDKROOT = iphoneos;
				SWIFT_ACTIVE_COMPILATION_CONDITIONS = "DEBUG $(inherited)";
				SWIFT_OPTIMIZATION_LEVEL = "-Onone";
			};
			name = Debug;
		};
		801A9D442B4E8FF100135414 /* Release */ = {
			isa = XCBuildConfiguration;
			buildSettings = {
				ALWAYS_SEARCH_USER_PATHS = NO;
				ASSETCATALOG_COMPILER_GENERATE_SWIFT_ASSET_SYMBOL_EXTENSIONS = YES;
				CLANG_ANALYZER_NONNULL = YES;
				CLANG_ANALYZER_NUMBER_OBJECT_CONVERSION = YES_AGGRESSIVE;
				CLANG_CXX_LANGUAGE_STANDARD = "gnu++20";
				CLANG_ENABLE_MODULES = YES;
				CLANG_ENABLE_OBJC_ARC = YES;
				CLANG_ENABLE_OBJC_WEAK = YES;
				CLANG_WARN_BLOCK_CAPTURE_AUTORELEASING = YES;
				CLANG_WARN_BOOL_CONVERSION = YES;
				CLANG_WARN_COMMA = YES;
				CLANG_WARN_CONSTANT_CONVERSION = YES;
				CLANG_WARN_DEPRECATED_OBJC_IMPLEMENTATIONS = YES;
				CLANG_WARN_DIRECT_OBJC_ISA_USAGE = YES_ERROR;
				CLANG_WARN_DOCUMENTATION_COMMENTS = YES;
				CLANG_WARN_EMPTY_BODY = YES;
				CLANG_WARN_ENUM_CONVERSION = YES;
				CLANG_WARN_INFINITE_RECURSION = YES;
				CLANG_WARN_INT_CONVERSION = YES;
				CLANG_WARN_NON_LITERAL_NULL_CONVERSION = YES;
				CLANG_WARN_OBJC_IMPLICIT_RETAIN_SELF = YES;
				CLANG_WARN_OBJC_LITERAL_CONVERSION = YES;
				CLANG_WARN_OBJC_ROOT_CLASS = YES_ERROR;
				CLANG_WARN_QUOTED_INCLUDE_IN_FRAMEWORK_HEADER = YES;
				CLANG_WARN_RANGE_LOOP_ANALYSIS = YES;
				CLANG_WARN_STRICT_PROTOTYPES = YES;
				CLANG_WARN_SUSPICIOUS_MOVE = YES;
				CLANG_WARN_UNGUARDED_AVAILABILITY = YES_AGGRESSIVE;
				CLANG_WARN_UNREACHABLE_CODE = YES;
				CLANG_WARN__DUPLICATE_METHOD_MATCH = YES;
				COPY_PHASE_STRIP = NO;
				DEBUG_INFORMATION_FORMAT = "dwarf-with-dsym";
				ENABLE_NS_ASSERTIONS = NO;
				ENABLE_STRICT_OBJC_MSGSEND = YES;
				ENABLE_USER_SCRIPT_SANDBOXING = NO;
				GCC_C_LANGUAGE_STANDARD = gnu17;
				GCC_NO_COMMON_BLOCKS = YES;
				GCC_WARN_64_TO_32_BIT_CONVERSION = YES;
				GCC_WARN_ABOUT_RETURN_TYPE = YES_ERROR;
				GCC_WARN_UNDECLARED_SELECTOR = YES;
				GCC_WARN_UNINITIALIZED_AUTOS = YES_AGGRESSIVE;
				GCC_WARN_UNUSED_FUNCTION = YES;
				GCC_WARN_UNUSED_VARIABLE = YES;
				IPHONEOS_DEPLOYMENT_TARGET = 17.0;
				LOCALIZATION_PREFERS_STRING_CATALOGS = YES;
				MTL_ENABLE_DEBUG_INFO = NO;
				MTL_FAST_MATH = YES;
				SDKROOT = iphoneos;
				SWIFT_COMPILATION_MODE = wholemodule;
				VALIDATE_PRODUCT = YES;
			};
			name = Release;
		};
		801A9D462B4E8FF100135414 /* Debug */ = {
			isa = XCBuildConfiguration;
			baseConfigurationReference = 79A28967ED409F32D933FB5E /* Pods-SampleLoginScreenSwift.debug.xcconfig */;
			buildSettings = {
				ASSETCATALOG_COMPILER_APPICON_NAME = AppIcon;
				ASSETCATALOG_COMPILER_GLOBAL_ACCENT_COLOR_NAME = AccentColor;
				CODE_SIGN_STYLE = Automatic;
				CURRENT_PROJECT_VERSION = 1;
				DEVELOPMENT_TEAM = FCUFF9YMW4;
				GENERATE_INFOPLIST_FILE = YES;
				INFOPLIST_FILE = SampleLoginScreenSwift/Info.plist;
				INFOPLIST_KEY_UIApplicationSupportsIndirectInputEvents = YES;
				INFOPLIST_KEY_UILaunchStoryboardName = LaunchScreen;
				INFOPLIST_KEY_UIMainStoryboardFile = Main;
				INFOPLIST_KEY_UISupportedInterfaceOrientations_iPad = "UIInterfaceOrientationPortrait UIInterfaceOrientationPortraitUpsideDown UIInterfaceOrientationLandscapeLeft UIInterfaceOrientationLandscapeRight";
				INFOPLIST_KEY_UISupportedInterfaceOrientations_iPhone = "UIInterfaceOrientationPortrait UIInterfaceOrientationLandscapeLeft UIInterfaceOrientationLandscapeRight";
				LD_RUNPATH_SEARCH_PATHS = (
					"$(inherited)",
					"@executable_path/Frameworks",
				);
				MARKETING_VERSION = 1.0;
				PRODUCT_BUNDLE_IDENTIFIER = LeadConcept.SampleLoginScreenSwift;
				PRODUCT_NAME = "$(TARGET_NAME)";
				SWIFT_EMIT_LOC_STRINGS = YES;
				SWIFT_VERSION = 5.0;
				TARGETED_DEVICE_FAMILY = "1,2";
			};
			name = Debug;
		};
		801A9D472B4E8FF100135414 /* Release */ = {
			isa = XCBuildConfiguration;
			baseConfigurationReference = B3CC3BFCEE36A7C41AD73A37 /* Pods-SampleLoginScreenSwift.release.xcconfig */;
			buildSettings = {
				ASSETCATALOG_COMPILER_APPICON_NAME = AppIcon;
				ASSETCATALOG_COMPILER_GLOBAL_ACCENT_COLOR_NAME = AccentColor;
				CODE_SIGN_STYLE = Automatic;
				CURRENT_PROJECT_VERSION = 1;
				DEVELOPMENT_TEAM = FCUFF9YMW4;
				GENERATE_INFOPLIST_FILE = YES;
				INFOPLIST_FILE = SampleLoginScreenSwift/Info.plist;
				INFOPLIST_KEY_UIApplicationSupportsIndirectInputEvents = YES;
				INFOPLIST_KEY_UILaunchStoryboardName = LaunchScreen;
				INFOPLIST_KEY_UIMainStoryboardFile = Main;
				INFOPLIST_KEY_UISupportedInterfaceOrientations_iPad = "UIInterfaceOrientationPortrait UIInterfaceOrientationPortraitUpsideDown UIInterfaceOrientationLandscapeLeft UIInterfaceOrientationLandscapeRight";
				INFOPLIST_KEY_UISupportedInterfaceOrientations_iPhone = "UIInterfaceOrientationPortrait UIInterfaceOrientationLandscapeLeft UIInterfaceOrientationLandscapeRight";
				LD_RUNPATH_SEARCH_PATHS = (
					"$(inherited)",
					"@executable_path/Frameworks",
				);
				MARKETING_VERSION = 1.0;
				PRODUCT_BUNDLE_IDENTIFIER = LeadConcept.SampleLoginScreenSwift;
				PRODUCT_NAME = "$(TARGET_NAME)";
				SWIFT_EMIT_LOC_STRINGS = YES;
				SWIFT_VERSION = 5.0;
				TARGETED_DEVICE_FAMILY = "1,2";
			};
			name = Release;
		};
		801A9D492B4E8FF100135414 /* Debug */ = {
			isa = XCBuildConfiguration;
			baseConfigurationReference = 1C479E92B89EE51C24ECE617 /* Pods-SampleLoginScreenSwiftTests.debug.xcconfig */;
			buildSettings = {
				ALWAYS_EMBED_SWIFT_STANDARD_LIBRARIES = YES;
				BUNDLE_LOADER = "$(TEST_HOST)";
				CODE_SIGN_STYLE = Automatic;
				CURRENT_PROJECT_VERSION = 1;
				DEVELOPMENT_TEAM = FCUFF9YMW4;
				GENERATE_INFOPLIST_FILE = YES;
				IPHONEOS_DEPLOYMENT_TARGET = 17.0;
				MARKETING_VERSION = 1.0;
				PRODUCT_BUNDLE_IDENTIFIER = LeadConcept.SampleLoginScreenSwiftTests;
				PRODUCT_NAME = "$(TARGET_NAME)";
				SWIFT_EMIT_LOC_STRINGS = NO;
				SWIFT_VERSION = 5.0;
				TARGETED_DEVICE_FAMILY = "1,2";
				TEST_HOST = "$(BUILT_PRODUCTS_DIR)/SampleLoginScreenSwift.app/$(BUNDLE_EXECUTABLE_FOLDER_PATH)/SampleLoginScreenSwift";
			};
			name = Debug;
		};
		801A9D4A2B4E8FF100135414 /* Release */ = {
			isa = XCBuildConfiguration;
			baseConfigurationReference = E0C917ABE0A36B27A03BFB51 /* Pods-SampleLoginScreenSwiftTests.release.xcconfig */;
			buildSettings = {
				ALWAYS_EMBED_SWIFT_STANDARD_LIBRARIES = YES;
				BUNDLE_LOADER = "$(TEST_HOST)";
				CODE_SIGN_STYLE = Automatic;
				CURRENT_PROJECT_VERSION = 1;
				DEVELOPMENT_TEAM = FCUFF9YMW4;
				GENERATE_INFOPLIST_FILE = YES;
				IPHONEOS_DEPLOYMENT_TARGET = 17.0;
				MARKETING_VERSION = 1.0;
				PRODUCT_BUNDLE_IDENTIFIER = LeadConcept.SampleLoginScreenSwiftTests;
				PRODUCT_NAME = "$(TARGET_NAME)";
				SWIFT_EMIT_LOC_STRINGS = NO;
				SWIFT_VERSION = 5.0;
				TARGETED_DEVICE_FAMILY = "1,2";
				TEST_HOST = "$(BUILT_PRODUCTS_DIR)/SampleLoginScreenSwift.app/$(BUNDLE_EXECUTABLE_FOLDER_PATH)/SampleLoginScreenSwift";
			};
			name = Release;
		};
		801A9D4C2B4E8FF100135414 /* Debug */ = {
			isa = XCBuildConfiguration;
			baseConfigurationReference = C845755D97A01CAC9630ACAD /* Pods-SampleLoginScreenSwift-SampleLoginScreenSwiftUITests.debug.xcconfig */;
			buildSettings = {
				ALWAYS_EMBED_SWIFT_STANDARD_LIBRARIES = YES;
				CODE_SIGN_STYLE = Automatic;
				CURRENT_PROJECT_VERSION = 1;
				DEVELOPMENT_TEAM = FCUFF9YMW4;
				GENERATE_INFOPLIST_FILE = YES;
				MARKETING_VERSION = 1.0;
				PRODUCT_BUNDLE_IDENTIFIER = LeadConcept.SampleLoginScreenSwiftUITests;
				PRODUCT_NAME = "$(TARGET_NAME)";
				SWIFT_EMIT_LOC_STRINGS = NO;
				SWIFT_VERSION = 5.0;
				TARGETED_DEVICE_FAMILY = "1,2";
				TEST_TARGET_NAME = SampleLoginScreenSwift;
			};
			name = Debug;
		};
		801A9D4D2B4E8FF100135414 /* Release */ = {
			isa = XCBuildConfiguration;
			baseConfigurationReference = A8431019A6712471D436B959 /* Pods-SampleLoginScreenSwift-SampleLoginScreenSwiftUITests.release.xcconfig */;
			buildSettings = {
				ALWAYS_EMBED_SWIFT_STANDARD_LIBRARIES = YES;
				CODE_SIGN_STYLE = Automatic;
				CURRENT_PROJECT_VERSION = 1;
				DEVELOPMENT_TEAM = FCUFF9YMW4;
				GENERATE_INFOPLIST_FILE = YES;
				MARKETING_VERSION = 1.0;
				PRODUCT_BUNDLE_IDENTIFIER = LeadConcept.SampleLoginScreenSwiftUITests;
				PRODUCT_NAME = "$(TARGET_NAME)";
				SWIFT_EMIT_LOC_STRINGS = NO;
				SWIFT_VERSION = 5.0;
				TARGETED_DEVICE_FAMILY = "1,2";
				TEST_TARGET_NAME = SampleLoginScreenSwift;
			};
			name = Release;
		};
/* End XCBuildConfiguration section */

/* Begin XCConfigurationList section */
		801A9D162B4E8FF000135414 /* Build configuration list for PBXProject "SampleLoginScreenSwift" */ = {
			isa = XCConfigurationList;
			buildConfigurations = (
				801A9D432B4E8FF100135414 /* Debug */,
				801A9D442B4E8FF100135414 /* Release */,
			);
			defaultConfigurationIsVisible = 0;
			defaultConfigurationName = Release;
		};
		801A9D452B4E8FF100135414 /* Build configuration list for PBXNativeTarget "SampleLoginScreenSwift" */ = {
			isa = XCConfigurationList;
			buildConfigurations = (
				801A9D462B4E8FF100135414 /* Debug */,
				801A9D472B4E8FF100135414 /* Release */,
			);
			defaultConfigurationIsVisible = 0;
			defaultConfigurationName = Release;
		};
		801A9D482B4E8FF100135414 /* Build configuration list for PBXNativeTarget "SampleLoginScreenSwiftTests" */ = {
			isa = XCConfigurationList;
			buildConfigurations = (
				801A9D492B4E8FF100135414 /* Debug */,
				801A9D4A2B4E8FF100135414 /* Release */,
			);
			defaultConfigurationIsVisible = 0;
			defaultConfigurationName = Release;
		};
		801A9D4B2B4E8FF100135414 /* Build configuration list for PBXNativeTarget "SampleLoginScreenSwiftUITests" */ = {
			isa = XCConfigurationList;
			buildConfigurations = (
				801A9D4C2B4E8FF100135414 /* Debug */,
				801A9D4D2B4E8FF100135414 /* Release */,
			);
			defaultConfigurationIsVisible = 0;
			defaultConfigurationName = Release;
		};
/* End XCConfigurationList section */
	};
	rootObject = 801A9D132B4E8FF000135414 /* Project object */;
}
